
Microsoft Visual Studio Solution File, Format Version 12.00
# Visual Studio Version 17
VisualStudioVersion = 17.3.32901.215
MinimumVisualStudioVersion = 10.0.40219.1
Project("{9A19103F-16F7-4668-BE54-9A1E7A4F7556}") = "RecPointWebApp", "RecPointWebApp\RecPointWebApp.csproj", "{E0CF1E03-66E9-40F6-92B9-941C6E063DEE}"
EndProject
Project("{9A19103F-16F7-4668-BE54-9A1E7A4F7556}") = "RecyclingPointLib", "RecyclingPointLib\RecyclingPointLib.csproj", "{12D837A5-C369-4C33-9C72-DB75544E597D}"
EndProject
Global
	GlobalSection(SolutionConfigurationPlatforms) = preSolution
		Debug|Any CPU = Debug|Any CPU
		Release|Any CPU = Release|Any CPU
	EndGlobalSection
	GlobalSection(ProjectConfigurationPlatforms) = postSolution
		{E0CF1E03-66E9-40F6-92B9-941C6E063DEE}.Debug|Any CPU.ActiveCfg = Debug|Any CPU
		{E0CF1E03-66E9-40F6-92B9-941C6E063DEE}.Debug|Any CPU.Build.0 = Debug|Any CPU
		{E0CF1E03-66E9-40F6-92B9-941C6E063DEE}.Release|Any CPU.ActiveCfg = Release|Any CPU
		{E0CF1E03-66E9-40F6-92B9-941C6E063DEE}.Release|Any CPU.Build.0 = Release|Any CPU
		{12D837A5-C369-4C33-9C72-DB75544E597D}.Debug|Any CPU.ActiveCfg = Debug|Any CPU
		{12D837A5-C369-4C33-9C72-DB75544E597D}.Debug|Any CPU.Build.0 = Debug|Any CPU
		{12D837A5-C369-4C33-9C72-DB75544E597D}.Release|Any CPU.ActiveCfg = Release|Any CPU
		{12D837A5-C369-4C33-9C72-DB75544E597D}.Release|Any CPU.Build.0 = Release|Any CPU
	EndGlobalSection
	GlobalSection(SolutionProperties) = preSolution
		HideSolutionNode = FALSE
	EndGlobalSection
	GlobalSection(ExtensibilityGlobals) = postSolution
		SolutionGuid = {D1FD313F-D330-4E8D-A364-F0E377BF3A9F}
	EndGlobalSection
EndGlobal
